// !$*UTF8*$!
{
	archiveVersion = 1;
	classes = {
	};
	objectVersion = 56;
	objects = {

/* Begin PBXBuildFile section */
		042C5B7C2AB2E08100C1E18B /* AppDelegate.swift in Sources */ = {isa = PBXBuildFile; fileRef = 042C5B7B2AB2E08100C1E18B /* AppDelegate.swift */; };
		042C5B7E2AB2E08100C1E18B /* SceneDelegate.swift in Sources */ = {isa = PBXBuildFile; fileRef = 042C5B7D2AB2E08100C1E18B /* SceneDelegate.swift */; };
		042C5B832AB2E08100C1E18B /* Main.storyboard in Resources */ = {isa = PBXBuildFile; fileRef = 042C5B812AB2E08100C1E18B /* Main.storyboard */; };
		042C5B852AB2E08200C1E18B /* Assets.xcassets in Resources */ = {isa = PBXBuildFile; fileRef = 042C5B842AB2E08200C1E18B /* Assets.xcassets */; };
		042C5B882AB2E08200C1E18B /* LaunchScreen.storyboard in Resources */ = {isa = PBXBuildFile; fileRef = 042C5B862AB2E08200C1E18B /* LaunchScreen.storyboard */; };
		042C5B912AB2E39900C1E18B /* Extensions.swift in Sources */ = {isa = PBXBuildFile; fileRef = 042C5B902AB2E39900C1E18B /* Extensions.swift */; };
		049157222AB3216500818A93 /* nanopb.xcframework in Frameworks */ = {isa = PBXBuildFile; fileRef = 0491570D2AB3216200818A93 /* nanopb.xcframework */; };
		049157242AB3216500818A93 /* RecaptchaInterop.xcframework in Frameworks */ = {isa = PBXBuildFile; fileRef = 0491570E2AB3216200818A93 /* RecaptchaInterop.xcframework */; };
		049157262AB3216500818A93 /* FirebaseAuthInterop.xcframework in Frameworks */ = {isa = PBXBuildFile; fileRef = 0491570F2AB3216200818A93 /* FirebaseAuthInterop.xcframework */; };
		049157282AB3216500818A93 /* leveldb-library.xcframework in Frameworks */ = {isa = PBXBuildFile; fileRef = 049157102AB3216300818A93 /* leveldb-library.xcframework */; };
		0491572A2AB3216500818A93 /* FirebaseDatabaseSwift.xcframework in Frameworks */ = {isa = PBXBuildFile; fileRef = 049157112AB3216300818A93 /* FirebaseDatabaseSwift.xcframework */; };
		0491572C2AB3216600818A93 /* FirebaseCoreInternal.xcframework in Frameworks */ = {isa = PBXBuildFile; fileRef = 049157122AB3216300818A93 /* FirebaseCoreInternal.xcframework */; };
		0491572E2AB3216600818A93 /* FirebaseStorage.xcframework in Frameworks */ = {isa = PBXBuildFile; fileRef = 049157132AB3216300818A93 /* FirebaseStorage.xcframework */; };
		049157302AB3216600818A93 /* GoogleAppMeasurementIdentitySupport.xcframework in Frameworks */ = {isa = PBXBuildFile; fileRef = 049157142AB3216300818A93 /* GoogleAppMeasurementIdentitySupport.xcframework */; };
		049157322AB3216600818A93 /* FirebaseAnalyticsSwift.xcframework in Frameworks */ = {isa = PBXBuildFile; fileRef = 049157152AB3216300818A93 /* FirebaseAnalyticsSwift.xcframework */; };
		049157342AB3216600818A93 /* FirebaseAnalytics.xcframework in Frameworks */ = {isa = PBXBuildFile; fileRef = 049157162AB3216400818A93 /* FirebaseAnalytics.xcframework */; };
		049157362AB3216700818A93 /* GTMSessionFetcher.xcframework in Frameworks */ = {isa = PBXBuildFile; fileRef = 049157172AB3216400818A93 /* GTMSessionFetcher.xcframework */; };
		049157382AB3216700818A93 /* FirebaseCore.xcframework in Frameworks */ = {isa = PBXBuildFile; fileRef = 049157182AB3216400818A93 /* FirebaseCore.xcframework */; };
		0491573A2AB3216700818A93 /* FirebaseInstallations.xcframework in Frameworks */ = {isa = PBXBuildFile; fileRef = 049157192AB3216400818A93 /* FirebaseInstallations.xcframework */; };
		0491573C2AB3216700818A93 /* FBLPromises.xcframework in Frameworks */ = {isa = PBXBuildFile; fileRef = 0491571A2AB3216400818A93 /* FBLPromises.xcframework */; };
		0491573E2AB3216800818A93 /* FirebaseAuth.xcframework in Frameworks */ = {isa = PBXBuildFile; fileRef = 0491571B2AB3216400818A93 /* FirebaseAuth.xcframework */; };
		049157402AB3216800818A93 /* FirebaseCoreExtension.xcframework in Frameworks */ = {isa = PBXBuildFile; fileRef = 0491571C2AB3216400818A93 /* FirebaseCoreExtension.xcframework */; };
		049157422AB3216800818A93 /* FirebaseDatabase.xcframework in Frameworks */ = {isa = PBXBuildFile; fileRef = 0491571D2AB3216400818A93 /* FirebaseDatabase.xcframework */; };
		049157442AB3216900818A93 /* FirebaseSharedSwift.xcframework in Frameworks */ = {isa = PBXBuildFile; fileRef = 0491571E2AB3216500818A93 /* FirebaseSharedSwift.xcframework */; };
		049157462AB3216900818A93 /* GoogleAppMeasurement.xcframework in Frameworks */ = {isa = PBXBuildFile; fileRef = 0491571F2AB3216500818A93 /* GoogleAppMeasurement.xcframework */; };
		049157482AB3216900818A93 /* GoogleUtilities.xcframework in Frameworks */ = {isa = PBXBuildFile; fileRef = 049157202AB3216500818A93 /* GoogleUtilities.xcframework */; };
		0491574A2AB3216A00818A93 /* FirebaseAppCheckInterop.xcframework in Frameworks */ = {isa = PBXBuildFile; fileRef = 049157212AB3216500818A93 /* FirebaseAppCheckInterop.xcframework */; };
		0491574E2AB3246900818A93 /* GoogleService-Info.plist in Resources */ = {isa = PBXBuildFile; fileRef = 0491574D2AB3246900818A93 /* GoogleService-Info.plist */; };
		049157502AB328BA00818A93 /* UserProfileController.swift in Sources */ = {isa = PBXBuildFile; fileRef = 0491574F2AB328BA00818A93 /* UserProfileController.swift */; };
		049157522AB328DE00818A93 /* MainTabBarController.swift in Sources */ = {isa = PBXBuildFile; fileRef = 049157512AB328DE00818A93 /* MainTabBarController.swift */; };
		049157552AB32D5D00818A93 /* UserProfileHeader.swift in Sources */ = {isa = PBXBuildFile; fileRef = 049157542AB32D5D00818A93 /* UserProfileHeader.swift */; };
		049157582AB42D1000818A93 /* SignUpController.swift in Sources */ = {isa = PBXBuildFile; fileRef = 049157572AB42D1000818A93 /* SignUpController.swift */; };
		0491575A2AB42D3700818A93 /* LoginController.swift in Sources */ = {isa = PBXBuildFile; fileRef = 049157592AB42D3700818A93 /* LoginController.swift */; };
		0491575D2AB4379500818A93 /* PhotoSelectorController.swift in Sources */ = {isa = PBXBuildFile; fileRef = 0491575C2AB4379500818A93 /* PhotoSelectorController.swift */; };
		907461BF384C6179F243E23B /* Pods_InstagramFirebasePikir.framework in Frameworks */ = {isa = PBXBuildFile; fileRef = 219A08A4FF3452D34571FAB3 /* Pods_InstagramFirebasePikir.framework */; };
/* End PBXBuildFile section */

/* Begin PBXFileReference section */
		042C5B782AB2E08100C1E18B /* InstagramFirebasePikir.app */ = {isa = PBXFileReference; explicitFileType = wrapper.application; includeInIndex = 0; path = InstagramFirebasePikir.app; sourceTree = BUILT_PRODUCTS_DIR; };
		042C5B7B2AB2E08100C1E18B /* AppDelegate.swift */ = {isa = PBXFileReference; lastKnownFileType = sourcecode.swift; path = AppDelegate.swift; sourceTree = "<group>"; };
		042C5B7D2AB2E08100C1E18B /* SceneDelegate.swift */ = {isa = PBXFileReference; lastKnownFileType = sourcecode.swift; path = SceneDelegate.swift; sourceTree = "<group>"; };
		042C5B822AB2E08100C1E18B /* Base */ = {isa = PBXFileReference; lastKnownFileType = file.storyboard; name = Base; path = Base.lproj/Main.storyboard; sourceTree = "<group>"; };
		042C5B842AB2E08200C1E18B /* Assets.xcassets */ = {isa = PBXFileReference; lastKnownFileType = folder.assetcatalog; path = Assets.xcassets; sourceTree = "<group>"; };
		042C5B872AB2E08200C1E18B /* Base */ = {isa = PBXFileReference; lastKnownFileType = file.storyboard; name = Base; path = Base.lproj/LaunchScreen.storyboard; sourceTree = "<group>"; };
		042C5B892AB2E08200C1E18B /* Info.plist */ = {isa = PBXFileReference; lastKnownFileType = text.plist.xml; path = Info.plist; sourceTree = "<group>"; };
		042C5B902AB2E39900C1E18B /* Extensions.swift */ = {isa = PBXFileReference; fileEncoding = 4; lastKnownFileType = sourcecode.swift; path = Extensions.swift; sourceTree = "<group>"; };
		0491570D2AB3216200818A93 /* nanopb.xcframework */ = {isa = PBXFileReference; lastKnownFileType = wrapper.xcframework; name = nanopb.xcframework; path = Carthage/Build/nanopb.xcframework; sourceTree = "<group>"; };
		0491570E2AB3216200818A93 /* RecaptchaInterop.xcframework */ = {isa = PBXFileReference; lastKnownFileType = wrapper.xcframework; name = RecaptchaInterop.xcframework; path = Carthage/Build/RecaptchaInterop.xcframework; sourceTree = "<group>"; };
		0491570F2AB3216200818A93 /* FirebaseAuthInterop.xcframework */ = {isa = PBXFileReference; lastKnownFileType = wrapper.xcframework; name = FirebaseAuthInterop.xcframework; path = Carthage/Build/FirebaseAuthInterop.xcframework; sourceTree = "<group>"; };
		049157102AB3216300818A93 /* leveldb-library.xcframework */ = {isa = PBXFileReference; lastKnownFileType = wrapper.xcframework; name = "leveldb-library.xcframework"; path = "Carthage/Build/leveldb-library.xcframework"; sourceTree = "<group>"; };
		049157112AB3216300818A93 /* FirebaseDatabaseSwift.xcframework */ = {isa = PBXFileReference; lastKnownFileType = wrapper.xcframework; name = FirebaseDatabaseSwift.xcframework; path = Carthage/Build/FirebaseDatabaseSwift.xcframework; sourceTree = "<group>"; };
		049157122AB3216300818A93 /* FirebaseCoreInternal.xcframework */ = {isa = PBXFileReference; lastKnownFileType = wrapper.xcframework; name = FirebaseCoreInternal.xcframework; path = Carthage/Build/FirebaseCoreInternal.xcframework; sourceTree = "<group>"; };
		049157132AB3216300818A93 /* FirebaseStorage.xcframework */ = {isa = PBXFileReference; lastKnownFileType = wrapper.xcframework; name = FirebaseStorage.xcframework; path = Carthage/Build/FirebaseStorage.xcframework; sourceTree = "<group>"; };
		049157142AB3216300818A93 /* GoogleAppMeasurementIdentitySupport.xcframework */ = {isa = PBXFileReference; lastKnownFileType = wrapper.xcframework; name = GoogleAppMeasurementIdentitySupport.xcframework; path = Carthage/Build/GoogleAppMeasurementIdentitySupport.xcframework; sourceTree = "<group>"; };
		049157152AB3216300818A93 /* FirebaseAnalyticsSwift.xcframework */ = {isa = PBXFileReference; lastKnownFileType = wrapper.xcframework; name = FirebaseAnalyticsSwift.xcframework; path = Carthage/Build/FirebaseAnalyticsSwift.xcframework; sourceTree = "<group>"; };
		049157162AB3216400818A93 /* FirebaseAnalytics.xcframework */ = {isa = PBXFileReference; lastKnownFileType = wrapper.xcframework; name = FirebaseAnalytics.xcframework; path = Carthage/Build/FirebaseAnalytics.xcframework; sourceTree = "<group>"; };
		049157172AB3216400818A93 /* GTMSessionFetcher.xcframework */ = {isa = PBXFileReference; lastKnownFileType = wrapper.xcframework; name = GTMSessionFetcher.xcframework; path = Carthage/Build/GTMSessionFetcher.xcframework; sourceTree = "<group>"; };
		049157182AB3216400818A93 /* FirebaseCore.xcframework */ = {isa = PBXFileReference; lastKnownFileType = wrapper.xcframework; name = FirebaseCore.xcframework; path = Carthage/Build/FirebaseCore.xcframework; sourceTree = "<group>"; };
		049157192AB3216400818A93 /* FirebaseInstallations.xcframework */ = {isa = PBXFileReference; lastKnownFileType = wrapper.xcframework; name = FirebaseInstallations.xcframework; path = Carthage/Build/FirebaseInstallations.xcframework; sourceTree = "<group>"; };
		0491571A2AB3216400818A93 /* FBLPromises.xcframework */ = {isa = PBXFileReference; lastKnownFileType = wrapper.xcframework; name = FBLPromises.xcframework; path = Carthage/Build/FBLPromises.xcframework; sourceTree = "<group>"; };
		0491571B2AB3216400818A93 /* FirebaseAuth.xcframework */ = {isa = PBXFileReference; lastKnownFileType = wrapper.xcframework; name = FirebaseAuth.xcframework; path = Carthage/Build/FirebaseAuth.xcframework; sourceTree = "<group>"; };
		0491571C2AB3216400818A93 /* FirebaseCoreExtension.xcframework */ = {isa = PBXFileReference; lastKnownFileType = wrapper.xcframework; name = FirebaseCoreExtension.xcframework; path = Carthage/Build/FirebaseCoreExtension.xcframework; sourceTree = "<group>"; };
		0491571D2AB3216400818A93 /* FirebaseDatabase.xcframework */ = {isa = PBXFileReference; lastKnownFileType = wrapper.xcframework; name = FirebaseDatabase.xcframework; path = Carthage/Build/FirebaseDatabase.xcframework; sourceTree = "<group>"; };
		0491571E2AB3216500818A93 /* FirebaseSharedSwift.xcframework */ = {isa = PBXFileReference; lastKnownFileType = wrapper.xcframework; name = FirebaseSharedSwift.xcframework; path = Carthage/Build/FirebaseSharedSwift.xcframework; sourceTree = "<group>"; };
		0491571F2AB3216500818A93 /* GoogleAppMeasurement.xcframework */ = {isa = PBXFileReference; lastKnownFileType = wrapper.xcframework; name = GoogleAppMeasurement.xcframework; path = Carthage/Build/GoogleAppMeasurement.xcframework; sourceTree = "<group>"; };
		049157202AB3216500818A93 /* GoogleUtilities.xcframework */ = {isa = PBXFileReference; lastKnownFileType = wrapper.xcframework; name = GoogleUtilities.xcframework; path = Carthage/Build/GoogleUtilities.xcframework; sourceTree = "<group>"; };
		049157212AB3216500818A93 /* FirebaseAppCheckInterop.xcframework */ = {isa = PBXFileReference; lastKnownFileType = wrapper.xcframework; name = FirebaseAppCheckInterop.xcframework; path = Carthage/Build/FirebaseAppCheckInterop.xcframework; sourceTree = "<group>"; };
		0491574D2AB3246900818A93 /* GoogleService-Info.plist */ = {isa = PBXFileReference; fileEncoding = 4; lastKnownFileType = text.plist.xml; path = "GoogleService-Info.plist"; sourceTree = "<group>"; };
		0491574F2AB328BA00818A93 /* UserProfileController.swift */ = {isa = PBXFileReference; lastKnownFileType = sourcecode.swift; path = UserProfileController.swift; sourceTree = "<group>"; };
		049157512AB328DE00818A93 /* MainTabBarController.swift */ = {isa = PBXFileReference; lastKnownFileType = sourcecode.swift; path = MainTabBarController.swift; sourceTree = "<group>"; };
		049157542AB32D5D00818A93 /* UserProfileHeader.swift */ = {isa = PBXFileReference; fileEncoding = 4; lastKnownFileType = sourcecode.swift; path = UserProfileHeader.swift; sourceTree = "<group>"; };
		049157572AB42D1000818A93 /* SignUpController.swift */ = {isa = PBXFileReference; lastKnownFileType = sourcecode.swift; path = SignUpController.swift; sourceTree = "<group>"; };
		049157592AB42D3700818A93 /* LoginController.swift */ = {isa = PBXFileReference; lastKnownFileType = sourcecode.swift; path = LoginController.swift; sourceTree = "<group>"; };
		0491575C2AB4379500818A93 /* PhotoSelectorController.swift */ = {isa = PBXFileReference; lastKnownFileType = sourcecode.swift; path = PhotoSelectorController.swift; sourceTree = "<group>"; };
		0B5042669868C51F88D29692 /* Pods-InstagramFirebasePikir.debug.xcconfig */ = {isa = PBXFileReference; includeInIndex = 1; lastKnownFileType = text.xcconfig; name = "Pods-InstagramFirebasePikir.debug.xcconfig"; path = "Target Support Files/Pods-InstagramFirebasePikir/Pods-InstagramFirebasePikir.debug.xcconfig"; sourceTree = "<group>"; };
		219A08A4FF3452D34571FAB3 /* Pods_InstagramFirebasePikir.framework */ = {isa = PBXFileReference; explicitFileType = wrapper.framework; includeInIndex = 0; path = Pods_InstagramFirebasePikir.framework; sourceTree = BUILT_PRODUCTS_DIR; };
		B57CF4ECA84B7C05D9718598 /* Pods-InstagramFirebasePikir.release.xcconfig */ = {isa = PBXFileReference; includeInIndex = 1; lastKnownFileType = text.xcconfig; name = "Pods-InstagramFirebasePikir.release.xcconfig"; path = "Target Support Files/Pods-InstagramFirebasePikir/Pods-InstagramFirebasePikir.release.xcconfig"; sourceTree = "<group>"; };
/* End PBXFileReference section */

/* Begin PBXFrameworksBuildPhase section */
		042C5B752AB2E08100C1E18B /* Frameworks */ = {
			isa = PBXFrameworksBuildPhase;
			buildActionMask = 2147483647;
			files = (
				0491572E2AB3216600818A93 /* FirebaseStorage.xcframework in Frameworks */,
				049157402AB3216800818A93 /* FirebaseCoreExtension.xcframework in Frameworks */,
				049157482AB3216900818A93 /* GoogleUtilities.xcframework in Frameworks */,
				049157322AB3216600818A93 /* FirebaseAnalyticsSwift.xcframework in Frameworks */,
				0491573E2AB3216800818A93 /* FirebaseAuth.xcframework in Frameworks */,
				0491574A2AB3216A00818A93 /* FirebaseAppCheckInterop.xcframework in Frameworks */,
				907461BF384C6179F243E23B /* Pods_InstagramFirebasePikir.framework in Frameworks */,
				049157382AB3216700818A93 /* FirebaseCore.xcframework in Frameworks */,
				049157462AB3216900818A93 /* GoogleAppMeasurement.xcframework in Frameworks */,
				0491573A2AB3216700818A93 /* FirebaseInstallations.xcframework in Frameworks */,
				0491572A2AB3216500818A93 /* FirebaseDatabaseSwift.xcframework in Frameworks */,
				049157242AB3216500818A93 /* RecaptchaInterop.xcframework in Frameworks */,
				049157362AB3216700818A93 /* GTMSessionFetcher.xcframework in Frameworks */,
				0491573C2AB3216700818A93 /* FBLPromises.xcframework in Frameworks */,
				049157342AB3216600818A93 /* FirebaseAnalytics.xcframework in Frameworks */,
				049157302AB3216600818A93 /* GoogleAppMeasurementIdentitySupport.xcframework in Frameworks */,
				049157422AB3216800818A93 /* FirebaseDatabase.xcframework in Frameworks */,
				049157442AB3216900818A93 /* FirebaseSharedSwift.xcframework in Frameworks */,
				049157262AB3216500818A93 /* FirebaseAuthInterop.xcframework in Frameworks */,
				049157222AB3216500818A93 /* nanopb.xcframework in Frameworks */,
				049157282AB3216500818A93 /* leveldb-library.xcframework in Frameworks */,
				0491572C2AB3216600818A93 /* FirebaseCoreInternal.xcframework in Frameworks */,
			);
			runOnlyForDeploymentPostprocessing = 0;
		};
/* End PBXFrameworksBuildPhase section */

/* Begin PBXGroup section */
		042C5B6F2AB2E08100C1E18B = {
			isa = PBXGroup;
			children = (
				042C5B7A2AB2E08100C1E18B /* InstagramFirebasePikir */,
				042C5B792AB2E08100C1E18B /* Products */,
				2EF7FECB443A2492D5C28B4F /* Pods */,
				3EDEFDE478119978E801066C /* Frameworks */,
			);
			sourceTree = "<group>";
		};
		042C5B792AB2E08100C1E18B /* Products */ = {
			isa = PBXGroup;
			children = (
				042C5B782AB2E08100C1E18B /* InstagramFirebasePikir.app */,
			);
			name = Products;
			sourceTree = "<group>";
		};
		042C5B7A2AB2E08100C1E18B /* InstagramFirebasePikir */ = {
			isa = PBXGroup;
			children = (
				0491575B2AB4378A00818A93 /* AddPhoto */,
				049157562AB42CEF00818A93 /* Login */,
				049157532AB32D3D00818A93 /* UserProfile */,
				042C5B8F2AB2E39200C1E18B /* Utils */,
				042C5B7B2AB2E08100C1E18B /* AppDelegate.swift */,
				042C5B7D2AB2E08100C1E18B /* SceneDelegate.swift */,
				049157512AB328DE00818A93 /* MainTabBarController.swift */,
				042C5B922AB2E55C00C1E18B /* Resources */,
			);
			path = InstagramFirebasePikir;
			sourceTree = "<group>";
		};
		042C5B8F2AB2E39200C1E18B /* Utils */ = {
			isa = PBXGroup;
			children = (
				042C5B902AB2E39900C1E18B /* Extensions.swift */,
			);
			path = Utils;
			sourceTree = "<group>";
		};
		042C5B922AB2E55C00C1E18B /* Resources */ = {
			isa = PBXGroup;
			children = (
				042C5B812AB2E08100C1E18B /* Main.storyboard */,
				042C5B842AB2E08200C1E18B /* Assets.xcassets */,
				042C5B862AB2E08200C1E18B /* LaunchScreen.storyboard */,
				042C5B892AB2E08200C1E18B /* Info.plist */,
				0491574D2AB3246900818A93 /* GoogleService-Info.plist */,
			);
			path = Resources;
			sourceTree = "<group>";
		};
		049157532AB32D3D00818A93 /* UserProfile */ = {
			isa = PBXGroup;
			children = (
				0491574F2AB328BA00818A93 /* UserProfileController.swift */,
				049157542AB32D5D00818A93 /* UserProfileHeader.swift */,
			);
			path = UserProfile;
			sourceTree = "<group>";
		};
		049157562AB42CEF00818A93 /* Login */ = {
			isa = PBXGroup;
			children = (
				049157572AB42D1000818A93 /* SignUpController.swift */,
				049157592AB42D3700818A93 /* LoginController.swift */,
			);
			path = Login;
			sourceTree = "<group>";
		};
		0491575B2AB4378A00818A93 /* AddPhoto */ = {
			isa = PBXGroup;
			children = (
				0491575C2AB4379500818A93 /* PhotoSelectorController.swift */,
			);
			path = AddPhoto;
			sourceTree = "<group>";
		};
		2EF7FECB443A2492D5C28B4F /* Pods */ = {
			isa = PBXGroup;
			children = (
				0B5042669868C51F88D29692 /* Pods-InstagramFirebasePikir.debug.xcconfig */,
				B57CF4ECA84B7C05D9718598 /* Pods-InstagramFirebasePikir.release.xcconfig */,
			);
			path = Pods;
			sourceTree = "<group>";
		};
		3EDEFDE478119978E801066C /* Frameworks */ = {
			isa = PBXGroup;
			children = (
				0491571A2AB3216400818A93 /* FBLPromises.xcframework */,
				049157162AB3216400818A93 /* FirebaseAnalytics.xcframework */,
				049157152AB3216300818A93 /* FirebaseAnalyticsSwift.xcframework */,
				049157212AB3216500818A93 /* FirebaseAppCheckInterop.xcframework */,
				0491571B2AB3216400818A93 /* FirebaseAuth.xcframework */,
				0491570F2AB3216200818A93 /* FirebaseAuthInterop.xcframework */,
				049157182AB3216400818A93 /* FirebaseCore.xcframework */,
				0491571C2AB3216400818A93 /* FirebaseCoreExtension.xcframework */,
				049157122AB3216300818A93 /* FirebaseCoreInternal.xcframework */,
				0491571D2AB3216400818A93 /* FirebaseDatabase.xcframework */,
				049157112AB3216300818A93 /* FirebaseDatabaseSwift.xcframework */,
				049157192AB3216400818A93 /* FirebaseInstallations.xcframework */,
				0491571E2AB3216500818A93 /* FirebaseSharedSwift.xcframework */,
				049157132AB3216300818A93 /* FirebaseStorage.xcframework */,
				0491571F2AB3216500818A93 /* GoogleAppMeasurement.xcframework */,
				049157142AB3216300818A93 /* GoogleAppMeasurementIdentitySupport.xcframework */,
				049157202AB3216500818A93 /* GoogleUtilities.xcframework */,
				049157172AB3216400818A93 /* GTMSessionFetcher.xcframework */,
				049157102AB3216300818A93 /* leveldb-library.xcframework */,
				0491570D2AB3216200818A93 /* nanopb.xcframework */,
				0491570E2AB3216200818A93 /* RecaptchaInterop.xcframework */,
				219A08A4FF3452D34571FAB3 /* Pods_InstagramFirebasePikir.framework */,
			);
			name = Frameworks;
			sourceTree = "<group>";
		};
/* End PBXGroup section */

/* Begin PBXNativeTarget section */
		042C5B772AB2E08100C1E18B /* InstagramFirebasePikir */ = {
			isa = PBXNativeTarget;
			buildConfigurationList = 042C5B8C2AB2E08200C1E18B /* Build configuration list for PBXNativeTarget "InstagramFirebasePikir" */;
			buildPhases = (
				86085C728CF210B8830BD49A /* [CP] Check Pods Manifest.lock */,
				042C5B742AB2E08100C1E18B /* Sources */,
				042C5B752AB2E08100C1E18B /* Frameworks */,
				042C5B762AB2E08100C1E18B /* Resources */,
			);
			buildRules = (
			);
			dependencies = (
			);
			name = InstagramFirebasePikir;
			productName = InstagramFirebasePikir;
			productReference = 042C5B782AB2E08100C1E18B /* InstagramFirebasePikir.app */;
			productType = "com.apple.product-type.application";
		};
/* End PBXNativeTarget section */

/* Begin PBXProject section */
		042C5B702AB2E08100C1E18B /* Project object */ = {
			isa = PBXProject;
			attributes = {
				BuildIndependentTargetsInParallel = 1;
				LastSwiftUpdateCheck = 1420;
				LastUpgradeCheck = 1420;
				TargetAttributes = {
					042C5B772AB2E08100C1E18B = {
						CreatedOnToolsVersion = 14.2;
					};
				};
			};
			buildConfigurationList = 042C5B732AB2E08100C1E18B /* Build configuration list for PBXProject "InstagramFirebasePikir" */;
			compatibilityVersion = "Xcode 14.0";
			developmentRegion = en;
			hasScannedForEncodings = 0;
			knownRegions = (
				en,
				Base,
			);
			mainGroup = 042C5B6F2AB2E08100C1E18B;
			productRefGroup = 042C5B792AB2E08100C1E18B /* Products */;
			projectDirPath = "";
			projectRoot = "";
			targets = (
				042C5B772AB2E08100C1E18B /* InstagramFirebasePikir */,
			);
		};
/* End PBXProject section */

/* Begin PBXResourcesBuildPhase section */
		042C5B762AB2E08100C1E18B /* Resources */ = {
			isa = PBXResourcesBuildPhase;
			buildActionMask = 2147483647;
			files = (
				042C5B882AB2E08200C1E18B /* LaunchScreen.storyboard in Resources */,
				042C5B852AB2E08200C1E18B /* Assets.xcassets in Resources */,
				042C5B832AB2E08100C1E18B /* Main.storyboard in Resources */,
				0491574E2AB3246900818A93 /* GoogleService-Info.plist in Resources */,
			);
			runOnlyForDeploymentPostprocessing = 0;
		};
/* End PBXResourcesBuildPhase section */

/* Begin PBXShellScriptBuildPhase section */
		86085C728CF210B8830BD49A /* [CP] Check Pods Manifest.lock */ = {
			isa = PBXShellScriptBuildPhase;
			buildActionMask = 2147483647;
			files = (
			);
			inputFileListPaths = (
			);
			inputPaths = (
				"${PODS_PODFILE_DIR_PATH}/Podfile.lock",
				"${PODS_ROOT}/Manifest.lock",
			);
			name = "[CP] Check Pods Manifest.lock";
			outputFileListPaths = (
			);
			outputPaths = (
				"$(DERIVED_FILE_DIR)/Pods-InstagramFirebasePikir-checkManifestLockResult.txt",
			);
			runOnlyForDeploymentPostprocessing = 0;
			shellPath = /bin/sh;
			shellScript = "diff \"${PODS_PODFILE_DIR_PATH}/Podfile.lock\" \"${PODS_ROOT}/Manifest.lock\" > /dev/null\nif [ $? != 0 ] ; then\n    # print error to STDERR\n    echo \"error: The sandbox is not in sync with the Podfile.lock. Run 'pod install' or update your CocoaPods installation.\" >&2\n    exit 1\nfi\n# This output is used by Xcode 'outputs' to avoid re-running this script phase.\necho \"SUCCESS\" > \"${SCRIPT_OUTPUT_FILE_0}\"\n";
			showEnvVarsInLog = 0;
		};
/* End PBXShellScriptBuildPhase section */

/* Begin PBXSourcesBuildPhase section */
		042C5B742AB2E08100C1E18B /* Sources */ = {
			isa = PBXSourcesBuildPhase;
			buildActionMask = 2147483647;
			files = (
				049157552AB32D5D00818A93 /* UserProfileHeader.swift in Sources */,
				042C5B7C2AB2E08100C1E18B /* AppDelegate.swift in Sources */,
				049157582AB42D1000818A93 /* SignUpController.swift in Sources */,
				0491575D2AB4379500818A93 /* PhotoSelectorController.swift in Sources */,
				0491575A2AB42D3700818A93 /* LoginController.swift in Sources */,
				049157522AB328DE00818A93 /* MainTabBarController.swift in Sources */,
				042C5B7E2AB2E08100C1E18B /* SceneDelegate.swift in Sources */,
				049157502AB328BA00818A93 /* UserProfileController.swift in Sources */,
				042C5B912AB2E39900C1E18B /* Extensions.swift in Sources */,
			);
			runOnlyForDeploymentPostprocessing = 0;
		};
/* End PBXSourcesBuildPhase section */

/* Begin PBXVariantGroup section */
		042C5B812AB2E08100C1E18B /* Main.storyboard */ = {
			isa = PBXVariantGroup;
			children = (
				042C5B822AB2E08100C1E18B /* Base */,
			);
			name = Main.storyboard;
			sourceTree = "<group>";
		};
		042C5B862AB2E08200C1E18B /* LaunchScreen.storyboard */ = {
			isa = PBXVariantGroup;
			children = (
				042C5B872AB2E08200C1E18B /* Base */,
			);
			name = LaunchScreen.storyboard;
			sourceTree = "<group>";
		};
/* End PBXVariantGroup section */

/* Begin XCBuildConfiguration section */
		042C5B8A2AB2E08200C1E18B /* Debug */ = {
			isa = XCBuildConfiguration;
			buildSettings = {
				ALWAYS_SEARCH_USER_PATHS = NO;
				CLANG_ANALYZER_NONNULL = YES;
				CLANG_ANALYZER_NUMBER_OBJECT_CONVERSION = YES_AGGRESSIVE;
				CLANG_CXX_LANGUAGE_STANDARD = "gnu++20";
				CLANG_ENABLE_MODULES = YES;
				CLANG_ENABLE_OBJC_ARC = YES;
				CLANG_ENABLE_OBJC_WEAK = YES;
				CLANG_WARN_BLOCK_CAPTURE_AUTORELEASING = YES;
				CLANG_WARN_BOOL_CONVERSION = YES;
				CLANG_WARN_COMMA = YES;
				CLANG_WARN_CONSTANT_CONVERSION = YES;
				CLANG_WARN_DEPRECATED_OBJC_IMPLEMENTATIONS = YES;
				CLANG_WARN_DIRECT_OBJC_ISA_USAGE = YES_ERROR;
				CLANG_WARN_DOCUMENTATION_COMMENTS = YES;
				CLANG_WARN_EMPTY_BODY = YES;
				CLANG_WARN_ENUM_CONVERSION = YES;
				CLANG_WARN_INFINITE_RECURSION = YES;
				CLANG_WARN_INT_CONVERSION = YES;
				CLANG_WARN_NON_LITERAL_NULL_CONVERSION = YES;
				CLANG_WARN_OBJC_IMPLICIT_RETAIN_SELF = YES;
				CLANG_WARN_OBJC_LITERAL_CONVERSION = YES;
				CLANG_WARN_OBJC_ROOT_CLASS = YES_ERROR;
				CLANG_WARN_QUOTED_INCLUDE_IN_FRAMEWORK_HEADER = YES;
				CLANG_WARN_RANGE_LOOP_ANALYSIS = YES;
				CLANG_WARN_STRICT_PROTOTYPES = YES;
				CLANG_WARN_SUSPICIOUS_MOVE = YES;
				CLANG_WARN_UNGUARDED_AVAILABILITY = YES_AGGRESSIVE;
				CLANG_WARN_UNREACHABLE_CODE = YES;
				CLANG_WARN__DUPLICATE_METHOD_MATCH = YES;
				COPY_PHASE_STRIP = NO;
				DEBUG_INFORMATION_FORMAT = dwarf;
				ENABLE_STRICT_OBJC_MSGSEND = YES;
				ENABLE_TESTABILITY = YES;
				GCC_C_LANGUAGE_STANDARD = gnu11;
				GCC_DYNAMIC_NO_PIC = NO;
				GCC_NO_COMMON_BLOCKS = YES;
				GCC_OPTIMIZATION_LEVEL = 0;
				GCC_PREPROCESSOR_DEFINITIONS = (
					"DEBUG=1",
					"$(inherited)",
				);
				GCC_WARN_64_TO_32_BIT_CONVERSION = YES;
				GCC_WARN_ABOUT_RETURN_TYPE = YES_ERROR;
				GCC_WARN_UNDECLARED_SELECTOR = YES;
				GCC_WARN_UNINITIALIZED_AUTOS = YES_AGGRESSIVE;
				GCC_WARN_UNUSED_FUNCTION = YES;
				GCC_WARN_UNUSED_VARIABLE = YES;
				IPHONEOS_DEPLOYMENT_TARGET = 13.0;
				MTL_ENABLE_DEBUG_INFO = INCLUDE_SOURCE;
				MTL_FAST_MATH = YES;
				ONLY_ACTIVE_ARCH = YES;
				SDKROOT = iphoneos;
				SWIFT_ACTIVE_COMPILATION_CONDITIONS = DEBUG;
				SWIFT_OPTIMIZATION_LEVEL = "-Onone";
			};
			name = Debug;
		};
		042C5B8B2AB2E08200C1E18B /* Release */ = {
			isa = XCBuildConfiguration;
			buildSettings = {
				ALWAYS_SEARCH_USER_PATHS = NO;
				CLANG_ANALYZER_NONNULL = YES;
				CLANG_ANALYZER_NUMBER_OBJECT_CONVERSION = YES_AGGRESSIVE;
				CLANG_CXX_LANGUAGE_STANDARD = "gnu++20";
				CLANG_ENABLE_MODULES = YES;
				CLANG_ENABLE_OBJC_ARC = YES;
				CLANG_ENABLE_OBJC_WEAK = YES;
				CLANG_WARN_BLOCK_CAPTURE_AUTORELEASING = YES;
				CLANG_WARN_BOOL_CONVERSION = YES;
				CLANG_WARN_COMMA = YES;
				CLANG_WARN_CONSTANT_CONVERSION = YES;
				CLANG_WARN_DEPRECATED_OBJC_IMPLEMENTATIONS = YES;
				CLANG_WARN_DIRECT_OBJC_ISA_USAGE = YES_ERROR;
				CLANG_WARN_DOCUMENTATION_COMMENTS = YES;
				CLANG_WARN_EMPTY_BODY = YES;
				CLANG_WARN_ENUM_CONVERSION = YES;
				CLANG_WARN_INFINITE_RECURSION = YES;
				CLANG_WARN_INT_CONVERSION = YES;
				CLANG_WARN_NON_LITERAL_NULL_CONVERSION = YES;
				CLANG_WARN_OBJC_IMPLICIT_RETAIN_SELF = YES;
				CLANG_WARN_OBJC_LITERAL_CONVERSION = YES;
				CLANG_WARN_OBJC_ROOT_CLASS = YES_ERROR;
				CLANG_WARN_QUOTED_INCLUDE_IN_FRAMEWORK_HEADER = YES;
				CLANG_WARN_RANGE_LOOP_ANALYSIS = YES;
				CLANG_WARN_STRICT_PROTOTYPES = YES;
				CLANG_WARN_SUSPICIOUS_MOVE = YES;
				CLANG_WARN_UNGUARDED_AVAILABILITY = YES_AGGRESSIVE;
				CLANG_WARN_UNREACHABLE_CODE = YES;
				CLANG_WARN__DUPLICATE_METHOD_MATCH = YES;
				COPY_PHASE_STRIP = NO;
				DEBUG_INFORMATION_FORMAT = "dwarf-with-dsym";
				ENABLE_NS_ASSERTIONS = NO;
				ENABLE_STRICT_OBJC_MSGSEND = YES;
				GCC_C_LANGUAGE_STANDARD = gnu11;
				GCC_NO_COMMON_BLOCKS = YES;
				GCC_WARN_64_TO_32_BIT_CONVERSION = YES;
				GCC_WARN_ABOUT_RETURN_TYPE = YES_ERROR;
				GCC_WARN_UNDECLARED_SELECTOR = YES;
				GCC_WARN_UNINITIALIZED_AUTOS = YES_AGGRESSIVE;
				GCC_WARN_UNUSED_FUNCTION = YES;
				GCC_WARN_UNUSED_VARIABLE = YES;
				IPHONEOS_DEPLOYMENT_TARGET = 13.0;
				MTL_ENABLE_DEBUG_INFO = NO;
				MTL_FAST_MATH = YES;
				SDKROOT = iphoneos;
				SWIFT_COMPILATION_MODE = wholemodule;
				SWIFT_OPTIMIZATION_LEVEL = "-O";
				VALIDATE_PRODUCT = YES;
			};
			name = Release;
		};
		042C5B8D2AB2E08200C1E18B /* Debug */ = {
			isa = XCBuildConfiguration;
			baseConfigurationReference = 0B5042669868C51F88D29692 /* Pods-InstagramFirebasePikir.debug.xcconfig */;
			buildSettings = {
				ASSETCATALOG_COMPILER_APPICON_NAME = AppIcon;
				ASSETCATALOG_COMPILER_GLOBAL_ACCENT_COLOR_NAME = AccentColor;
				CODE_SIGN_STYLE = Automatic;
				CURRENT_PROJECT_VERSION = 1;
				DEVELOPMENT_TEAM = H6RA964W5A;
				GENERATE_INFOPLIST_FILE = YES;
				INFOPLIST_FILE = InstagramFirebasePikir/Resources/Info.plist;
				INFOPLIST_KEY_LSApplicationCategoryType = "public.app-category.lifestyle";
				INFOPLIST_KEY_UIApplicationSupportsIndirectInputEvents = YES;
				INFOPLIST_KEY_UILaunchStoryboardName = LaunchScreen;
				INFOPLIST_KEY_UIMainStoryboardFile = Main;
				INFOPLIST_KEY_UISupportedInterfaceOrientations_iPad = "UIInterfaceOrientationPortrait UIInterfaceOrientationPortraitUpsideDown UIInterfaceOrientationLandscapeLeft UIInterfaceOrientationLandscapeRight";
				INFOPLIST_KEY_UISupportedInterfaceOrientations_iPhone = "UIInterfaceOrientationPortrait UIInterfaceOrientationLandscapeLeft UIInterfaceOrientationLandscapeRight";
				IPHONEOS_DEPLOYMENT_TARGET = 13.0;
				LD_RUNPATH_SEARCH_PATHS = (
					"$(inherited)",
					"@executable_path/Frameworks",
				);
				MARKETING_VERSION = 1.0;
				OTHER_LDFLAGS = (
					"$(OTHER_LDFLAGS)",
					"-ObjC",
				);
				PRODUCT_BUNDLE_IDENTIFIER = tm.ios.InstagramFirebasePikir;
				PRODUCT_NAME = "$(TARGET_NAME)";
				SWIFT_EMIT_LOC_STRINGS = YES;
				SWIFT_VERSION = 5.0;
				TARGETED_DEVICE_FAMILY = "1,2";
			};
			name = Debug;
		};
		042C5B8E2AB2E08200C1E18B /* Release */ = {
			isa = XCBuildConfiguration;
			baseConfigurationReference = B57CF4ECA84B7C05D9718598 /* Pods-InstagramFirebasePikir.release.xcconfig */;
			buildSettings = {
				ASSETCATALOG_COMPILER_APPICON_NAME = AppIcon;
				ASSETCATALOG_COMPILER_GLOBAL_ACCENT_COLOR_NAME = AccentColor;
				CODE_SIGN_STYLE = Automatic;
				CURRENT_PROJECT_VERSION = 1;
				DEVELOPMENT_TEAM = H6RA964W5A;
				GENERATE_INFOPLIST_FILE = YES;
				INFOPLIST_FILE = InstagramFirebasePikir/Resources/Info.plist;
				INFOPLIST_KEY_LSApplicationCategoryType = "public.app-category.lifestyle";
				INFOPLIST_KEY_UIApplicationSupportsIndirectInputEvents = YES;
				INFOPLIST_KEY_UILaunchStoryboardName = LaunchScreen;
				INFOPLIST_KEY_UIMainStoryboardFile = Main;
				INFOPLIST_KEY_UISupportedInterfaceOrientations_iPad = "UIInterfaceOrientationPortrait UIInterfaceOrientationPortraitUpsideDown UIInterfaceOrientationLandscapeLeft UIInterfaceOrientationLandscapeRight";
				INFOPLIST_KEY_UISupportedInterfaceOrientations_iPhone = "UIInterfaceOrientationPortrait UIInterfaceOrientationLandscapeLeft UIInterfaceOrientationLandscapeRight";
				IPHONEOS_DEPLOYMENT_TARGET = 13.0;
				LD_RUNPATH_SEARCH_PATHS = (
					"$(inherited)",
					"@executable_path/Frameworks",
				);
				MARKETING_VERSION = 1.0;
				OTHER_LDFLAGS = (
					"$(OTHER_LDFLAGS)",
					"-ObjC",
				);
				PRODUCT_BUNDLE_IDENTIFIER = tm.ios.InstagramFirebasePikir;
				PRODUCT_NAME = "$(TARGET_NAME)";
				SWIFT_EMIT_LOC_STRINGS = YES;
				SWIFT_VERSION = 5.0;
				TARGETED_DEVICE_FAMILY = "1,2";
			};
			name = Release;
		};
/* End XCBuildConfiguration section */

/* Begin XCConfigurationList section */
		042C5B732AB2E08100C1E18B /* Build configuration list for PBXProject "InstagramFirebasePikir" */ = {
			isa = XCConfigurationList;
			buildConfigurations = (
				042C5B8A2AB2E08200C1E18B /* Debug */,
				042C5B8B2AB2E08200C1E18B /* Release */,
			);
			defaultConfigurationIsVisible = 0;
			defaultConfigurationName = Release;
		};
		042C5B8C2AB2E08200C1E18B /* Build configuration list for PBXNativeTarget "InstagramFirebasePikir" */ = {
			isa = XCConfigurationList;
			buildConfigurations = (
				042C5B8D2AB2E08200C1E18B /* Debug */,
				042C5B8E2AB2E08200C1E18B /* Release */,
			);
			defaultConfigurationIsVisible = 0;
			defaultConfigurationName = Release;
		};
/* End XCConfigurationList section */
	};
	rootObject = 042C5B702AB2E08100C1E18B /* Project object */;
}
